
Microsoft Visual Studio Solution File, Format Version 12.00
# Visual Studio Version 17
VisualStudioVersion = 17.14.36327.8 d17.14
MinimumVisualStudioVersion = 10.0.40219.1
Project("{FAE04EC0-301F-11D3-BF4B-00C04F79EFBC}") = "PetZone", "PetZone.csproj", "{22B6CA6D-FFAA-4586-804B-1521F0154FCC}"
EndProject
Global
	GlobalSection(SolutionConfigurationPlatforms) = preSolution
		Debug|Any CPU = Debug|Any CPU
		Release|Any CPU = Release|Any CPU
	EndGlobalSection
	GlobalSection(ProjectConfigurationPlatforms) = postSolution
		{22B6CA6D-FFAA-4586-804B-1521F0154FCC}.Debug|Any CPU.ActiveCfg = Debug|Any CPU
		{22B6CA6D-FFAA-4586-804B-1521F0154FCC}.Debug|Any CPU.Build.0 = Debug|Any CPU
		{22B6CA6D-FFAA-4586-804B-1521F0154FCC}.Release|Any CPU.ActiveCfg = Release|Any CPU
		{22B6CA6D-FFAA-4586-804B-1521F0154FCC}.Release|Any CPU.Build.0 = Release|Any CPU
	EndGlobalSection
	GlobalSection(SolutionProperties) = preSolution
		HideSolutionNode = FALSE
	EndGlobalSection
	GlobalSection(ExtensibilityGlobals) = postSolution
		SolutionGuid = {A3E4380A-05FD-4276-A473-34FF161E008D}
	EndGlobalSection
EndGlobal
